
Microsoft Visual Studio Solution File, Format Version 12.00
# Visual Studio 15
VisualStudioVersion = 15.0.28307.421
MinimumVisualStudioVersion = 10.0.40219.1
Project("{FAE04EC0-301F-11D3-BF4B-00C04F79EFBC}") = "AccountabilityAccounting", "AccountabilityAccounting\AccountabilityAccounting.csproj", "{765FE85C-A4B6-475B-B525-B499567461B8}"
	ProjectSection(ProjectDependencies) = postProject
		{D82C0715-91C6-43ED-8319-B28DD4E0E2A4} = {D82C0715-91C6-43ED-8319-B28DD4E0E2A4}
		{1C582E71-5E96-44E2-9BDA-A847F402E2C0} = {1C582E71-5E96-44E2-9BDA-A847F402E2C0}
	EndProjectSection
EndProject
Project("{FAE04EC0-301F-11D3-BF4B-00C04F79EFBC}") = "AuthenticationService", "AuthenticationService\AuthenticationService.csproj", "{D82C0715-91C6-43ED-8319-B28DD4E0E2A4}"
EndProject
Project("{FAE04EC0-301F-11D3-BF4B-00C04F79EFBC}") = "AccountabilityAccountingDataAccess", "AccountabilityAccountingDataAccess\AccountabilityAccountingDataAccess.csproj", "{F24CBDB9-89D6-43DF-9EE2-835B27423368}"
EndProject
Project("{FAE04EC0-301F-11D3-BF4B-00C04F79EFBC}") = "DataAccessService", "DataAccessService\DataAccessService.csproj", "{1C582E71-5E96-44E2-9BDA-A847F402E2C0}"
EndProject
Global
	GlobalSection(SolutionConfigurationPlatforms) = preSolution
		Debug|Any CPU = Debug|Any CPU
		Release|Any CPU = Release|Any CPU
	EndGlobalSection
	GlobalSection(ProjectConfigurationPlatforms) = postSolution
		{765FE85C-A4B6-475B-B525-B499567461B8}.Debug|Any CPU.ActiveCfg = Debug|Any CPU
		{765FE85C-A4B6-475B-B525-B499567461B8}.Debug|Any CPU.Build.0 = Debug|Any CPU
		{765FE85C-A4B6-475B-B525-B499567461B8}.Release|Any CPU.ActiveCfg = Release|Any CPU
		{765FE85C-A4B6-475B-B525-B499567461B8}.Release|Any CPU.Build.0 = Release|Any CPU
		{D82C0715-91C6-43ED-8319-B28DD4E0E2A4}.Debug|Any CPU.ActiveCfg = Debug|Any CPU
		{D82C0715-91C6-43ED-8319-B28DD4E0E2A4}.Debug|Any CPU.Build.0 = Debug|Any CPU
		{D82C0715-91C6-43ED-8319-B28DD4E0E2A4}.Release|Any CPU.ActiveCfg = Release|Any CPU
		{D82C0715-91C6-43ED-8319-B28DD4E0E2A4}.Release|Any CPU.Build.0 = Release|Any CPU
		{F24CBDB9-89D6-43DF-9EE2-835B27423368}.Debug|Any CPU.ActiveCfg = Debug|Any CPU
		{F24CBDB9-89D6-43DF-9EE2-835B27423368}.Debug|Any CPU.Build.0 = Debug|Any CPU
		{F24CBDB9-89D6-43DF-9EE2-835B27423368}.Release|Any CPU.ActiveCfg = Release|Any CPU
		{F24CBDB9-89D6-43DF-9EE2-835B27423368}.Release|Any CPU.Build.0 = Release|Any CPU
		{1C582E71-5E96-44E2-9BDA-A847F402E2C0}.Debug|Any CPU.ActiveCfg = Debug|Any CPU
		{1C582E71-5E96-44E2-9BDA-A847F402E2C0}.Debug|Any CPU.Build.0 = Debug|Any CPU
		{1C582E71-5E96-44E2-9BDA-A847F402E2C0}.Release|Any CPU.ActiveCfg = Release|Any CPU
		{1C582E71-5E96-44E2-9BDA-A847F402E2C0}.Release|Any CPU.Build.0 = Release|Any CPU
	EndGlobalSection
	GlobalSection(SolutionProperties) = preSolution
		HideSolutionNode = FALSE
	EndGlobalSection
	GlobalSection(ExtensibilityGlobals) = postSolution
		SolutionGuid = {F8D3774C-1FD6-45CD-ACB4-2F486440D3DF}
	EndGlobalSection
EndGlobal
